// !$*UTF8*$!
{
	archiveVersion = 1;
	classes = {
	};
	objectVersion = 46;
	objects = {

/* Begin PBXBuildFile section */
		221578D71AA2142500B748A6 /* RestaurantPickerViewControllerTableViewController.swift in Sources */ = {isa = PBXBuildFile; fileRef = 221578D61AA2142500B748A6 /* RestaurantPickerViewControllerTableViewController.swift */; };
		2282AC511AA28FBD002450CB /* FinalViewController.swift in Sources */ = {isa = PBXBuildFile; fileRef = 2282AC501AA28FBD002450CB /* FinalViewController.swift */; };
		22B00A251AA3414D00115B98 /* Step1Page.swift in Sources */ = {isa = PBXBuildFile; fileRef = 22B00A241AA3414D00115B98 /* Step1Page.swift */; };
		22B00A2B1AA342AA00115B98 /* Step2Page.swift in Sources */ = {isa = PBXBuildFile; fileRef = 22B00A2A1AA342AA00115B98 /* Step2Page.swift */; };
		22B00A2D1AA3435700115B98 /* Step3Page.swift in Sources */ = {isa = PBXBuildFile; fileRef = 22B00A2C1AA3435700115B98 /* Step3Page.swift */; };
		22B00A301AA347C200115B98 /* CoreLocation.framework in Frameworks */ = {isa = PBXBuildFile; fileRef = 22B00A2F1AA347C200115B98 /* CoreLocation.framework */; };
		70850CC31AA307D9006D3B2B /* SwiftHTTP.framework in Frameworks */ = {isa = PBXBuildFile; fileRef = 70850CBC1AA30797006D3B2B /* SwiftHTTP.framework */; };
		70850CC51AA307EE006D3B2B /* SwiftHTTP.framework in Copy Files */ = {isa = PBXBuildFile; fileRef = 70850CBC1AA30797006D3B2B /* SwiftHTTP.framework */; settings = {ATTRIBUTES = (CodeSignOnCopy, RemoveHeadersOnCopy, ); }; };
		70850CC81AA3093E006D3B2B /* DinnerDateColor.png in Resources */ = {isa = PBXBuildFile; fileRef = 70850CC61AA3093E006D3B2B /* DinnerDateColor.png */; };
		70850CC91AA3093E006D3B2B /* DinnerDateWhite.png in Resources */ = {isa = PBXBuildFile; fileRef = 70850CC71AA3093E006D3B2B /* DinnerDateWhite.png */; };
		70850CCB1AA30F46006D3B2B /* Dense-Regular.otf in Resources */ = {isa = PBXBuildFile; fileRef = 70850CCA1AA30F46006D3B2B /* Dense-Regular.otf */; };
		C1ECF8291AA1F1DA00E127D9 /* AppDelegate.swift in Sources */ = {isa = PBXBuildFile; fileRef = C1ECF8281AA1F1DA00E127D9 /* AppDelegate.swift */; };
		C1ECF82B1AA1F1DA00E127D9 /* ViewController.swift in Sources */ = {isa = PBXBuildFile; fileRef = C1ECF82A1AA1F1DA00E127D9 /* ViewController.swift */; };
		C1ECF82E1AA1F1DA00E127D9 /* Main.storyboard in Resources */ = {isa = PBXBuildFile; fileRef = C1ECF82C1AA1F1DA00E127D9 /* Main.storyboard */; };
		C1ECF8301AA1F1DA00E127D9 /* Images.xcassets in Resources */ = {isa = PBXBuildFile; fileRef = C1ECF82F1AA1F1DA00E127D9 /* Images.xcassets */; };
		C1ECF8331AA1F1DA00E127D9 /* LaunchScreen.xib in Resources */ = {isa = PBXBuildFile; fileRef = C1ECF8311AA1F1DA00E127D9 /* LaunchScreen.xib */; };
		C1ECF83F1AA1F1DB00E127D9 /* Test2Tests.swift in Sources */ = {isa = PBXBuildFile; fileRef = C1ECF83E1AA1F1DB00E127D9 /* Test2Tests.swift */; };
/* End PBXBuildFile section */

/* Begin PBXContainerItemProxy section */
		70850CBB1AA30797006D3B2B /* PBXContainerItemProxy */ = {
			isa = PBXContainerItemProxy;
			containerPortal = 70850CB41AA30797006D3B2B /* SwiftHTTP.xcodeproj */;
			proxyType = 2;
			remoteGlobalIDString = 6BFD901619C8D8B500DD99B6;
			remoteInfo = SwiftHTTP;
		};
		70850CBD1AA30797006D3B2B /* PBXContainerItemProxy */ = {
			isa = PBXContainerItemProxy;
			containerPortal = 70850CB41AA30797006D3B2B /* SwiftHTTP.xcodeproj */;
			proxyType = 2;
			remoteGlobalIDString = 6BFD902119C8D8B500DD99B6;
			remoteInfo = SwiftHTTPTests;
		};
		70850CBF1AA30797006D3B2B /* PBXContainerItemProxy */ = {
			isa = PBXContainerItemProxy;
			containerPortal = 70850CB41AA30797006D3B2B /* SwiftHTTP.xcodeproj */;
			proxyType = 2;
			remoteGlobalIDString = D958025919E6EEEB003C8218;
			remoteInfo = SwiftHTTPOSX;
		};
		70850CC11AA30797006D3B2B /* PBXContainerItemProxy */ = {
			isa = PBXContainerItemProxy;
			containerPortal = 70850CB41AA30797006D3B2B /* SwiftHTTP.xcodeproj */;
			proxyType = 2;
			remoteGlobalIDString = D958026319E6EEEB003C8218;
			remoteInfo = SwiftHTTPOSXTests;
		};
		C1ECF8391AA1F1DB00E127D9 /* PBXContainerItemProxy */ = {
			isa = PBXContainerItemProxy;
			containerPortal = C1ECF81B1AA1F1DA00E127D9 /* Project object */;
			proxyType = 1;
			remoteGlobalIDString = C1ECF8221AA1F1DA00E127D9;
			remoteInfo = Test2;
		};
/* End PBXContainerItemProxy section */

/* Begin PBXCopyFilesBuildPhase section */
		2282AC4C1AA2809B002450CB /* Copy Files */ = {
			isa = PBXCopyFilesBuildPhase;
			buildActionMask = 2147483647;
			dstPath = "Copy Frameworks";
			dstSubfolderSpec = 10;
			files = (
				70850CC51AA307EE006D3B2B /* SwiftHTTP.framework in Copy Files */,
			);
			name = "Copy Files";
			runOnlyForDeploymentPostprocessing = 0;
		};
		70850CC41AA307E6006D3B2B /* CopyFiles */ = {
			isa = PBXCopyFilesBuildPhase;
			buildActionMask = 2147483647;
			dstPath = "";
			dstSubfolderSpec = 7;
			files = (
			);
			runOnlyForDeploymentPostprocessing = 0;
		};
/* End PBXCopyFilesBuildPhase section */

/* Begin PBXFileReference section */
		221578D61AA2142500B748A6 /* RestaurantPickerViewControllerTableViewController.swift */ = {isa = PBXFileReference; fileEncoding = 4; lastKnownFileType = sourcecode.swift; path = RestaurantPickerViewControllerTableViewController.swift; sourceTree = "<group>"; };
		2282AC501AA28FBD002450CB /* FinalViewController.swift */ = {isa = PBXFileReference; fileEncoding = 4; lastKnownFileType = sourcecode.swift; path = FinalViewController.swift; sourceTree = "<group>"; };
		22B00A241AA3414D00115B98 /* Step1Page.swift */ = {isa = PBXFileReference; fileEncoding = 4; lastKnownFileType = sourcecode.swift; path = Step1Page.swift; sourceTree = "<group>"; };
		22B00A2A1AA342AA00115B98 /* Step2Page.swift */ = {isa = PBXFileReference; fileEncoding = 4; lastKnownFileType = sourcecode.swift; path = Step2Page.swift; sourceTree = "<group>"; };
		22B00A2C1AA3435700115B98 /* Step3Page.swift */ = {isa = PBXFileReference; fileEncoding = 4; lastKnownFileType = sourcecode.swift; path = Step3Page.swift; sourceTree = "<group>"; };
		22B00A2F1AA347C200115B98 /* CoreLocation.framework */ = {isa = PBXFileReference; lastKnownFileType = wrapper.framework; name = CoreLocation.framework; path = System/Library/Frameworks/CoreLocation.framework; sourceTree = SDKROOT; };
		70850CB41AA30797006D3B2B /* SwiftHTTP.xcodeproj */ = {isa = PBXFileReference; lastKnownFileType = "wrapper.pb-project"; name = SwiftHTTP.xcodeproj; path = "SwiftHTTP-master/SwiftHTTP.xcodeproj"; sourceTree = "<group>"; };
		70850CC61AA3093E006D3B2B /* DinnerDateColor.png */ = {isa = PBXFileReference; lastKnownFileType = image.png; path = DinnerDateColor.png; sourceTree = "<group>"; };
		70850CC71AA3093E006D3B2B /* DinnerDateWhite.png */ = {isa = PBXFileReference; lastKnownFileType = image.png; path = DinnerDateWhite.png; sourceTree = "<group>"; };
		70850CCA1AA30F46006D3B2B /* Dense-Regular.otf */ = {isa = PBXFileReference; lastKnownFileType = file; path = "Dense-Regular.otf"; sourceTree = "<group>"; };
		C1ECF8231AA1F1DA00E127D9 /* Dinner + Date.app */ = {isa = PBXFileReference; explicitFileType = wrapper.application; includeInIndex = 0; path = "Dinner + Date.app"; sourceTree = BUILT_PRODUCTS_DIR; };
		C1ECF8271AA1F1DA00E127D9 /* Info.plist */ = {isa = PBXFileReference; lastKnownFileType = text.plist.xml; path = Info.plist; sourceTree = "<group>"; };
		C1ECF8281AA1F1DA00E127D9 /* AppDelegate.swift */ = {isa = PBXFileReference; lastKnownFileType = sourcecode.swift; path = AppDelegate.swift; sourceTree = "<group>"; };
		C1ECF82A1AA1F1DA00E127D9 /* ViewController.swift */ = {isa = PBXFileReference; lastKnownFileType = sourcecode.swift; path = ViewController.swift; sourceTree = "<group>"; };
		C1ECF82D1AA1F1DA00E127D9 /* Base */ = {isa = PBXFileReference; lastKnownFileType = file.storyboard; name = Base; path = Base.lproj/Main.storyboard; sourceTree = "<group>"; };
		C1ECF82F1AA1F1DA00E127D9 /* Images.xcassets */ = {isa = PBXFileReference; lastKnownFileType = folder.assetcatalog; path = Images.xcassets; sourceTree = "<group>"; };
		C1ECF8321AA1F1DA00E127D9 /* Base */ = {isa = PBXFileReference; lastKnownFileType = file.xib; name = Base; path = Base.lproj/LaunchScreen.xib; sourceTree = "<group>"; };
		C1ECF8381AA1F1DB00E127D9 /* Test2Tests.xctest */ = {isa = PBXFileReference; explicitFileType = wrapper.cfbundle; includeInIndex = 0; path = Test2Tests.xctest; sourceTree = BUILT_PRODUCTS_DIR; };
		C1ECF83D1AA1F1DB00E127D9 /* Info.plist */ = {isa = PBXFileReference; lastKnownFileType = text.plist.xml; path = Info.plist; sourceTree = "<group>"; };
		C1ECF83E1AA1F1DB00E127D9 /* Test2Tests.swift */ = {isa = PBXFileReference; lastKnownFileType = sourcecode.swift; path = Test2Tests.swift; sourceTree = "<group>"; };
/* End PBXFileReference section */

/* Begin PBXFrameworksBuildPhase section */
		C1ECF8201AA1F1DA00E127D9 /* Frameworks */ = {
			isa = PBXFrameworksBuildPhase;
			buildActionMask = 2147483647;
			files = (
				22B00A301AA347C200115B98 /* CoreLocation.framework in Frameworks */,
				70850CC31AA307D9006D3B2B /* SwiftHTTP.framework in Frameworks */,
			);
			runOnlyForDeploymentPostprocessing = 0;
		};
		C1ECF8351AA1F1DB00E127D9 /* Frameworks */ = {
			isa = PBXFrameworksBuildPhase;
			buildActionMask = 2147483647;
			files = (
			);
			runOnlyForDeploymentPostprocessing = 0;
		};
/* End PBXFrameworksBuildPhase section */

/* Begin PBXGroup section */
		70850CB51AA30797006D3B2B /* Products */ = {
			isa = PBXGroup;
			children = (
				70850CBC1AA30797006D3B2B /* SwiftHTTP.framework */,
				70850CBE1AA30797006D3B2B /* SwiftHTTPTests.xctest */,
				70850CC01AA30797006D3B2B /* SwiftHTTP.framework */,
				70850CC21AA30797006D3B2B /* SwiftHTTPOSXTests.xctest */,
			);
			name = Products;
			sourceTree = "<group>";
		};
		C1ECF81A1AA1F1DA00E127D9 = {
			isa = PBXGroup;
			children = (
				22B00A2F1AA347C200115B98 /* CoreLocation.framework */,
				70850CB41AA30797006D3B2B /* SwiftHTTP.xcodeproj */,
				C1ECF8251AA1F1DA00E127D9 /* Test2 */,
				C1ECF83B1AA1F1DB00E127D9 /* Test2Tests */,
				C1ECF8241AA1F1DA00E127D9 /* Products */,
			);
			sourceTree = "<group>";
		};
		C1ECF8241AA1F1DA00E127D9 /* Products */ = {
			isa = PBXGroup;
			children = (
				C1ECF8231AA1F1DA00E127D9 /* Dinner + Date.app */,
				C1ECF8381AA1F1DB00E127D9 /* Test2Tests.xctest */,
			);
			name = Products;
			sourceTree = "<group>";
		};
		C1ECF8251AA1F1DA00E127D9 /* Test2 */ = {
			isa = PBXGroup;
			children = (
				221578D61AA2142500B748A6 /* RestaurantPickerViewControllerTableViewController.swift */,
				C1ECF8281AA1F1DA00E127D9 /* AppDelegate.swift */,
				22B00A241AA3414D00115B98 /* Step1Page.swift */,
				22B00A2A1AA342AA00115B98 /* Step2Page.swift */,
				22B00A2C1AA3435700115B98 /* Step3Page.swift */,
				C1ECF82A1AA1F1DA00E127D9 /* ViewController.swift */,
				C1ECF82C1AA1F1DA00E127D9 /* Main.storyboard */,
				2282AC501AA28FBD002450CB /* FinalViewController.swift */,
				C1ECF82F1AA1F1DA00E127D9 /* Images.xcassets */,
				C1ECF8311AA1F1DA00E127D9 /* LaunchScreen.xib */,
				C1ECF8261AA1F1DA00E127D9 /* Supporting Files */,
			);
			path = Test2;
			sourceTree = "<group>";
		};
		C1ECF8261AA1F1DA00E127D9 /* Supporting Files */ = {
			isa = PBXGroup;
			children = (
				70850CCA1AA30F46006D3B2B /* Dense-Regular.otf */,
				70850CC61AA3093E006D3B2B /* DinnerDateColor.png */,
				70850CC71AA3093E006D3B2B /* DinnerDateWhite.png */,
				C1ECF8271AA1F1DA00E127D9 /* Info.plist */,
			);
			name = "Supporting Files";
			sourceTree = "<group>";
		};
		C1ECF83B1AA1F1DB00E127D9 /* Test2Tests */ = {
			isa = PBXGroup;
			children = (
				C1ECF83E1AA1F1DB00E127D9 /* Test2Tests.swift */,
				C1ECF83C1AA1F1DB00E127D9 /* Supporting Files */,
			);
			path = Test2Tests;
			sourceTree = "<group>";
		};
		C1ECF83C1AA1F1DB00E127D9 /* Supporting Files */ = {
			isa = PBXGroup;
			children = (
				C1ECF83D1AA1F1DB00E127D9 /* Info.plist */,
			);
			name = "Supporting Files";
			sourceTree = "<group>";
		};
/* End PBXGroup section */

/* Begin PBXNativeTarget section */
		C1ECF8221AA1F1DA00E127D9 /* Test2 */ = {
			isa = PBXNativeTarget;
			buildConfigurationList = C1ECF8421AA1F1DB00E127D9 /* Build configuration list for PBXNativeTarget "Test2" */;
			buildPhases = (
				C1ECF81F1AA1F1DA00E127D9 /* Sources */,
				C1ECF8201AA1F1DA00E127D9 /* Frameworks */,
				C1ECF8211AA1F1DA00E127D9 /* Resources */,
				2282AC4C1AA2809B002450CB /* Copy Files */,
				70850CC41AA307E6006D3B2B /* CopyFiles */,
			);
			buildRules = (
			);
			dependencies = (
			);
			name = Test2;
			productName = Test2;
			productReference = C1ECF8231AA1F1DA00E127D9 /* Dinner + Date.app */;
			productType = "com.apple.product-type.application";
		};
		C1ECF8371AA1F1DB00E127D9 /* Test2Tests */ = {
			isa = PBXNativeTarget;
			buildConfigurationList = C1ECF8451AA1F1DB00E127D9 /* Build configuration list for PBXNativeTarget "Test2Tests" */;
			buildPhases = (
				C1ECF8341AA1F1DB00E127D9 /* Sources */,
				C1ECF8351AA1F1DB00E127D9 /* Frameworks */,
				C1ECF8361AA1F1DB00E127D9 /* Resources */,
			);
			buildRules = (
			);
			dependencies = (
				C1ECF83A1AA1F1DB00E127D9 /* PBXTargetDependency */,
			);
			name = Test2Tests;
			productName = Test2Tests;
			productReference = C1ECF8381AA1F1DB00E127D9 /* Test2Tests.xctest */;
			productType = "com.apple.product-type.bundle.unit-test";
		};
/* End PBXNativeTarget section */

/* Begin PBXProject section */
		C1ECF81B1AA1F1DA00E127D9 /* Project object */ = {
			isa = PBXProject;
			attributes = {
				LastUpgradeCheck = 0610;
				ORGANIZATIONNAME = edwinwu;
				TargetAttributes = {
					C1ECF8221AA1F1DA00E127D9 = {
						CreatedOnToolsVersion = 6.1.1;
					};
					C1ECF8371AA1F1DB00E127D9 = {
						CreatedOnToolsVersion = 6.1.1;
						TestTargetID = C1ECF8221AA1F1DA00E127D9;
					};
				};
			};
			buildConfigurationList = C1ECF81E1AA1F1DA00E127D9 /* Build configuration list for PBXProject "Test2" */;
			compatibilityVersion = "Xcode 3.2";
			developmentRegion = English;
			hasScannedForEncodings = 0;
			knownRegions = (
				en,
				Base,
			);
			mainGroup = C1ECF81A1AA1F1DA00E127D9;
			productRefGroup = C1ECF8241AA1F1DA00E127D9 /* Products */;
			projectDirPath = "";
			projectReferences = (
				{
					ProductGroup = 70850CB51AA30797006D3B2B /* Products */;
					ProjectRef = 70850CB41AA30797006D3B2B /* SwiftHTTP.xcodeproj */;
				},
			);
			projectRoot = "";
			targets = (
				C1ECF8221AA1F1DA00E127D9 /* Test2 */,
				C1ECF8371AA1F1DB00E127D9 /* Test2Tests */,
			);
		};
/* End PBXProject section */

/* Begin PBXReferenceProxy section */
		70850CBC1AA30797006D3B2B /* SwiftHTTP.framework */ = {
			isa = PBXReferenceProxy;
			fileType = wrapper.framework;
			path = SwiftHTTP.framework;
			remoteRef = 70850CBB1AA30797006D3B2B /* PBXContainerItemProxy */;
			sourceTree = BUILT_PRODUCTS_DIR;
		};
		70850CBE1AA30797006D3B2B /* SwiftHTTPTests.xctest */ = {
			isa = PBXReferenceProxy;
			fileType = wrapper.cfbundle;
			path = SwiftHTTPTests.xctest;
			remoteRef = 70850CBD1AA30797006D3B2B /* PBXContainerItemProxy */;
			sourceTree = BUILT_PRODUCTS_DIR;
		};
		70850CC01AA30797006D3B2B /* SwiftHTTP.framework */ = {
			isa = PBXReferenceProxy;
			fileType = wrapper.framework;
			path = SwiftHTTP.framework;
			remoteRef = 70850CBF1AA30797006D3B2B /* PBXContainerItemProxy */;
			sourceTree = BUILT_PRODUCTS_DIR;
		};
		70850CC21AA30797006D3B2B /* SwiftHTTPOSXTests.xctest */ = {
			isa = PBXReferenceProxy;
			fileType = wrapper.cfbundle;
			path = SwiftHTTPOSXTests.xctest;
			remoteRef = 70850CC11AA30797006D3B2B /* PBXContainerItemProxy */;
			sourceTree = BUILT_PRODUCTS_DIR;
		};
/* End PBXReferenceProxy section */

/* Begin PBXResourcesBuildPhase section */
		C1ECF8211AA1F1DA00E127D9 /* Resources */ = {
			isa = PBXResourcesBuildPhase;
			buildActionMask = 2147483647;
			files = (
				C1ECF82E1AA1F1DA00E127D9 /* Main.storyboard in Resources */,
				C1ECF8331AA1F1DA00E127D9 /* LaunchScreen.xib in Resources */,
				70850CCB1AA30F46006D3B2B /* Dense-Regular.otf in Resources */,
				C1ECF8301AA1F1DA00E127D9 /* Images.xcassets in Resources */,
				70850CC91AA3093E006D3B2B /* DinnerDateWhite.png in Resources */,
				70850CC81AA3093E006D3B2B /* DinnerDateColor.png in Resources */,
			);
			runOnlyForDeploymentPostprocessing = 0;
		};
		C1ECF8361AA1F1DB00E127D9 /* Resources */ = {
			isa = PBXResourcesBuildPhase;
			buildActionMask = 2147483647;
			files = (
			);
			runOnlyForDeploymentPostprocessing = 0;
		};
/* End PBXResourcesBuildPhase section */

/* Begin PBXSourcesBuildPhase section */
		C1ECF81F1AA1F1DA00E127D9 /* Sources */ = {
			isa = PBXSourcesBuildPhase;
			buildActionMask = 2147483647;
			files = (
				22B00A2D1AA3435700115B98 /* Step3Page.swift in Sources */,
				C1ECF82B1AA1F1DA00E127D9 /* ViewController.swift in Sources */,
				2282AC511AA28FBD002450CB /* FinalViewController.swift in Sources */,
				C1ECF8291AA1F1DA00E127D9 /* AppDelegate.swift in Sources */,
				22B00A2B1AA342AA00115B98 /* Step2Page.swift in Sources */,
				221578D71AA2142500B748A6 /* RestaurantPickerViewControllerTableViewController.swift in Sources */,
				22B00A251AA3414D00115B98 /* Step1Page.swift in Sources */,
			);
			runOnlyForDeploymentPostprocessing = 0;
		};
		C1ECF8341AA1F1DB00E127D9 /* Sources */ = {
			isa = PBXSourcesBuildPhase;
			buildActionMask = 2147483647;
			files = (
				C1ECF83F1AA1F1DB00E127D9 /* Test2Tests.swift in Sources */,
			);
			runOnlyForDeploymentPostprocessing = 0;
		};
/* End PBXSourcesBuildPhase section */

/* Begin PBXTargetDependency section */
		C1ECF83A1AA1F1DB00E127D9 /* PBXTargetDependency */ = {
			isa = PBXTargetDependency;
			target = C1ECF8221AA1F1DA00E127D9 /* Test2 */;
			targetProxy = C1ECF8391AA1F1DB00E127D9 /* PBXContainerItemProxy */;
		};
/* End PBXTargetDependency section */

/* Begin PBXVariantGroup section */
		C1ECF82C1AA1F1DA00E127D9 /* Main.storyboard */ = {
			isa = PBXVariantGroup;
			children = (
				C1ECF82D1AA1F1DA00E127D9 /* Base */,
			);
			name = Main.storyboard;
			sourceTree = "<group>";
		};
		C1ECF8311AA1F1DA00E127D9 /* LaunchScreen.xib */ = {
			isa = PBXVariantGroup;
			children = (
				C1ECF8321AA1F1DA00E127D9 /* Base */,
			);
			name = LaunchScreen.xib;
			sourceTree = "<group>";
		};
/* End PBXVariantGroup section */

/* Begin XCBuildConfiguration section */
		C1ECF8401AA1F1DB00E127D9 /* Debug */ = {
			isa = XCBuildConfiguration;
			buildSettings = {
				ALWAYS_SEARCH_USER_PATHS = NO;
				CLANG_CXX_LANGUAGE_STANDARD = "gnu++0x";
				CLANG_CXX_LIBRARY = "libc++";
				CLANG_ENABLE_MODULES = YES;
				CLANG_ENABLE_OBJC_ARC = YES;
				CLANG_WARN_BOOL_CONVERSION = YES;
				CLANG_WARN_CONSTANT_CONVERSION = YES;
				CLANG_WARN_DIRECT_OBJC_ISA_USAGE = YES_ERROR;
				CLANG_WARN_EMPTY_BODY = YES;
				CLANG_WARN_ENUM_CONVERSION = YES;
				CLANG_WARN_INT_CONVERSION = YES;
				CLANG_WARN_OBJC_ROOT_CLASS = YES_ERROR;
				CLANG_WARN_UNREACHABLE_CODE = YES;
				CLANG_WARN__DUPLICATE_METHOD_MATCH = YES;
				"CODE_SIGN_IDENTITY[sdk=iphoneos*]" = "iPhone Developer";
				COPY_PHASE_STRIP = NO;
				ENABLE_STRICT_OBJC_MSGSEND = YES;
				GCC_C_LANGUAGE_STANDARD = gnu99;
				GCC_DYNAMIC_NO_PIC = NO;
				GCC_OPTIMIZATION_LEVEL = 0;
				GCC_PREPROCESSOR_DEFINITIONS = (
					"DEBUG=1",
					"$(inherited)",
				);
				GCC_SYMBOLS_PRIVATE_EXTERN = NO;
				GCC_WARN_64_TO_32_BIT_CONVERSION = YES;
				GCC_WARN_ABOUT_RETURN_TYPE = YES_ERROR;
				GCC_WARN_UNDECLARED_SELECTOR = YES;
				GCC_WARN_UNINITIALIZED_AUTOS = YES_AGGRESSIVE;
				GCC_WARN_UNUSED_FUNCTION = YES;
				GCC_WARN_UNUSED_VARIABLE = YES;
				IPHONEOS_DEPLOYMENT_TARGET = 8.1;
				MTL_ENABLE_DEBUG_INFO = YES;
				ONLY_ACTIVE_ARCH = YES;
				SDKROOT = iphoneos;
				SWIFT_OPTIMIZATION_LEVEL = "-Onone";
				TARGETED_DEVICE_FAMILY = "1,2";
			};
			name = Debug;
		};
		C1ECF8411AA1F1DB00E127D9 /* Release */ = {
			isa = XCBuildConfiguration;
			buildSettings = {
				ALWAYS_SEARCH_USER_PATHS = NO;
				CLANG_CXX_LANGUAGE_STANDARD = "gnu++0x";
				CLANG_CXX_LIBRARY = "libc++";
				CLANG_ENABLE_MODULES = YES;
				CLANG_ENABLE_OBJC_ARC = YES;
				CLANG_WARN_BOOL_CONVERSION = YES;
				CLANG_WARN_CONSTANT_CONVERSION = YES;
				CLANG_WARN_DIRECT_OBJC_ISA_USAGE = YES_ERROR;
				CLANG_WARN_EMPTY_BODY = YES;
				CLANG_WARN_ENUM_CONVERSION = YES;
				CLANG_WARN_INT_CONVERSION = YES;
				CLANG_WARN_OBJC_ROOT_CLASS = YES_ERROR;
				CLANG_WARN_UNREACHABLE_CODE = YES;
				CLANG_WARN__DUPLICATE_METHOD_MATCH = YES;
				"CODE_SIGN_IDENTITY[sdk=iphoneos*]" = "iPhone Developer";
				COPY_PHASE_STRIP = YES;
				ENABLE_NS_ASSERTIONS = NO;
				ENABLE_STRICT_OBJC_MSGSEND = YES;
				GCC_C_LANGUAGE_STANDARD = gnu99;
				GCC_WARN_64_TO_32_BIT_CONVERSION = YES;
				GCC_WARN_ABOUT_RETURN_TYPE = YES_ERROR;
				GCC_WARN_UNDECLARED_SELECTOR = YES;
				GCC_WARN_UNINITIALIZED_AUTOS = YES_AGGRESSIVE;
				GCC_WARN_UNUSED_FUNCTION = YES;
				GCC_WARN_UNUSED_VARIABLE = YES;
				IPHONEOS_DEPLOYMENT_TARGET = 8.1;
				MTL_ENABLE_DEBUG_INFO = NO;
				SDKROOT = iphoneos;
				TARGETED_DEVICE_FAMILY = "1,2";
				VALIDATE_PRODUCT = YES;
			};
			name = Release;
		};
		C1ECF8431AA1F1DB00E127D9 /* Debug */ = {
			isa = XCBuildConfiguration;
			buildSettings = {
				ASSETCATALOG_COMPILER_APPICON_NAME = AppIcon;
				INFOPLIST_FILE = Test2/Info.plist;
				LD_RUNPATH_SEARCH_PATHS = "$(inherited) @executable_path/Frameworks";
				PRODUCT_NAME = "Dinner + Date";
			};
			name = Debug;
		};
		C1ECF8441AA1F1DB00E127D9 /* Release */ = {
			isa = XCBuildConfiguration;
			buildSettings = {
				ASSETCATALOG_COMPILER_APPICON_NAME = AppIcon;
				INFOPLIST_FILE = Test2/Info.plist;
				LD_RUNPATH_SEARCH_PATHS = "$(inherited) @executable_path/Frameworks";
				PRODUCT_NAME = "Dinner + Date";
			};
			name = Release;
		};
		C1ECF8461AA1F1DB00E127D9 /* Debug */ = {
			isa = XCBuildConfiguration;
			buildSettings = {
				BUNDLE_LOADER = "$(TEST_HOST)";
				FRAMEWORK_SEARCH_PATHS = (
					"$(SDKROOT)/Developer/Library/Frameworks",
					"$(inherited)",
				);
				GCC_PREPROCESSOR_DEFINITIONS = (
					"DEBUG=1",
					"$(inherited)",
				);
				INFOPLIST_FILE = Test2Tests/Info.plist;
				LD_RUNPATH_SEARCH_PATHS = "$(inherited) @executable_path/Frameworks @loader_path/Frameworks";
				PRODUCT_NAME = "$(TARGET_NAME)";
				TEST_HOST = "$(BUILT_PRODUCTS_DIR)/Test2.app/Test2";
			};
			name = Debug;
		};
		C1ECF8471AA1F1DB00E127D9 /* Release */ = {
			isa = XCBuildConfiguration;
			buildSettings = {
				BUNDLE_LOADER = "$(TEST_HOST)";
				FRAMEWORK_SEARCH_PATHS = (
					"$(SDKROOT)/Developer/Library/Frameworks",
					"$(inherited)",
				);
				INFOPLIST_FILE = Test2Tests/Info.plist;
				LD_RUNPATH_SEARCH_PATHS = "$(inherited) @executable_path/Frameworks @loader_path/Frameworks";
				PRODUCT_NAME = "$(TARGET_NAME)";
				TEST_HOST = "$(BUILT_PRODUCTS_DIR)/Test2.app/Test2";
			};
			name = Release;
		};
/* End XCBuildConfiguration section */

/* Begin XCConfigurationList section */
		C1ECF81E1AA1F1DA00E127D9 /* Build configuration list for PBXProject "Test2" */ = {
			isa = XCConfigurationList;
			buildConfigurations = (
				C1ECF8401AA1F1DB00E127D9 /* Debug */,
				C1ECF8411AA1F1DB00E127D9 /* Release */,
			);
			defaultConfigurationIsVisible = 0;
			defaultConfigurationName = Release;
		};
		C1ECF8421AA1F1DB00E127D9 /* Build configuration list for PBXNativeTarget "Test2" */ = {
			isa = XCConfigurationList;
			buildConfigurations = (
				C1ECF8431AA1F1DB00E127D9 /* Debug */,
				C1ECF8441AA1F1DB00E127D9 /* Release */,
			);
			defaultConfigurationIsVisible = 0;
			defaultConfigurationName = Release;
		};
		C1ECF8451AA1F1DB00E127D9 /* Build configuration list for PBXNativeTarget "Test2Tests" */ = {
			isa = XCConfigurationList;
			buildConfigurations = (
				C1ECF8461AA1F1DB00E127D9 /* Debug */,
				C1ECF8471AA1F1DB00E127D9 /* Release */,
			);
			defaultConfigurationIsVisible = 0;
			defaultConfigurationName = Release;
		};
/* End XCConfigurationList section */
	};
	rootObject = C1ECF81B1AA1F1DA00E127D9 /* Project object */;
}
