// !$*UTF8*$!
{
	archiveVersion = 1;
	classes = {
	};
	objectVersion = 46;
	objects = {

/* Begin PBXBuildFile section */
		221578D71AA2142500B748A6 /* RestaurantPickerViewControllerTableViewController.swift in Sources */ = {isa = PBXBuildFile; fileRef = 221578D61AA2142500B748A6 /* RestaurantPickerViewControllerTableViewController.swift */; };
		2282AC511AA28FBD002450CB /* FinalViewController.swift in Sources */ = {isa = PBXBuildFile; fileRef = 2282AC501AA28FBD002450CB /* FinalViewController.swift */; };
		2282ACAE1AA3054E002450CB /* CoreLocation.framework in Frameworks */ = {isa = PBXBuildFile; fileRef = 2282ACAD1AA3054E002450CB /* CoreLocation.framework */; };
		C1ECF8291AA1F1DA00E127D9 /* AppDelegate.swift in Sources */ = {isa = PBXBuildFile; fileRef = C1ECF8281AA1F1DA00E127D9 /* AppDelegate.swift */; };
		C1ECF82B1AA1F1DA00E127D9 /* ViewController.swift in Sources */ = {isa = PBXBuildFile; fileRef = C1ECF82A1AA1F1DA00E127D9 /* ViewController.swift */; };
		C1ECF82E1AA1F1DA00E127D9 /* Main.storyboard in Resources */ = {isa = PBXBuildFile; fileRef = C1ECF82C1AA1F1DA00E127D9 /* Main.storyboard */; };
		C1ECF8301AA1F1DA00E127D9 /* Images.xcassets in Resources */ = {isa = PBXBuildFile; fileRef = C1ECF82F1AA1F1DA00E127D9 /* Images.xcassets */; };
		C1ECF8331AA1F1DA00E127D9 /* LaunchScreen.xib in Resources */ = {isa = PBXBuildFile; fileRef = C1ECF8311AA1F1DA00E127D9 /* LaunchScreen.xib */; };
		C1ECF83F1AA1F1DB00E127D9 /* Test2Tests.swift in Sources */ = {isa = PBXBuildFile; fileRef = C1ECF83E1AA1F1DB00E127D9 /* Test2Tests.swift */; };
/* End PBXBuildFile section */

/* Begin PBXContainerItemProxy section */
		2282ACBC1AA32D21002450CB /* PBXContainerItemProxy */ = {
			isa = PBXContainerItemProxy;
			containerPortal = 2282ACB51AA32D21002450CB /* SwiftHTTP.xcodeproj */;
			proxyType = 2;
			remoteGlobalIDString = 6BFD901619C8D8B500DD99B6;
			remoteInfo = SwiftHTTP;
		};
		2282ACBE1AA32D21002450CB /* PBXContainerItemProxy */ = {
			isa = PBXContainerItemProxy;
			containerPortal = 2282ACB51AA32D21002450CB /* SwiftHTTP.xcodeproj */;
			proxyType = 2;
			remoteGlobalIDString = 6BFD902119C8D8B500DD99B6;
			remoteInfo = SwiftHTTPTests;
		};
		2282ACC01AA32D21002450CB /* PBXContainerItemProxy */ = {
			isa = PBXContainerItemProxy;
			containerPortal = 2282ACB51AA32D21002450CB /* SwiftHTTP.xcodeproj */;
			proxyType = 2;
			remoteGlobalIDString = D958025919E6EEEB003C8218;
			remoteInfo = SwiftHTTPOSX;
		};
		2282ACC21AA32D21002450CB /* PBXContainerItemProxy */ = {
			isa = PBXContainerItemProxy;
			containerPortal = 2282ACB51AA32D21002450CB /* SwiftHTTP.xcodeproj */;
			proxyType = 2;
			remoteGlobalIDString = D958026319E6EEEB003C8218;
			remoteInfo = SwiftHTTPOSXTests;
		};
		C1ECF8391AA1F1DB00E127D9 /* PBXContainerItemProxy */ = {
			isa = PBXContainerItemProxy;
			containerPortal = C1ECF81B1AA1F1DA00E127D9 /* Project object */;
			proxyType = 1;
			remoteGlobalIDString = C1ECF8221AA1F1DA00E127D9;
			remoteInfo = Test2;
		};
/* End PBXContainerItemProxy section */

/* Begin PBXCopyFilesBuildPhase section */
		2282AC4C1AA2809B002450CB /* Copy Files */ = {
			isa = PBXCopyFilesBuildPhase;
			buildActionMask = 2147483647;
			dstPath = "Copy Frameworks";
			dstSubfolderSpec = 10;
			files = (
			);
			name = "Copy Files";
			runOnlyForDeploymentPostprocessing = 0;
		};
/* End PBXCopyFilesBuildPhase section */

/* Begin PBXFileReference section */
		221578D61AA2142500B748A6 /* RestaurantPickerViewControllerTableViewController.swift */ = {isa = PBXFileReference; fileEncoding = 4; lastKnownFileType = sourcecode.swift; path = RestaurantPickerViewControllerTableViewController.swift; sourceTree = "<group>"; };
		2282AC501AA28FBD002450CB /* FinalViewController.swift */ = {isa = PBXFileReference; fileEncoding = 4; lastKnownFileType = sourcecode.swift; path = FinalViewController.swift; sourceTree = "<group>"; };
		2282ACAD1AA3054E002450CB /* CoreLocation.framework */ = {isa = PBXFileReference; lastKnownFileType = wrapper.framework; name = CoreLocation.framework; path = System/Library/Frameworks/CoreLocation.framework; sourceTree = SDKROOT; };
		2282ACB51AA32D21002450CB /* SwiftHTTP.xcodeproj */ = {isa = PBXFileReference; lastKnownFileType = "wrapper.pb-project"; name = SwiftHTTP.xcodeproj; path = "SwiftHTTP-master/SwiftHTTP.xcodeproj"; sourceTree = "<group>"; };
		C1ECF8231AA1F1DA00E127D9 /* Test2.app */ = {isa = PBXFileReference; explicitFileType = wrapper.application; includeInIndex = 0; path = Test2.app; sourceTree = BUILT_PRODUCTS_DIR; };
		C1ECF8271AA1F1DA00E127D9 /* Info.plist */ = {isa = PBXFileReference; lastKnownFileType = text.plist.xml; path = Info.plist; sourceTree = "<group>"; };
		C1ECF8281AA1F1DA00E127D9 /* AppDelegate.swift */ = {isa = PBXFileReference; lastKnownFileType = sourcecode.swift; path = AppDelegate.swift; sourceTree = "<group>"; };
		C1ECF82A1AA1F1DA00E127D9 /* ViewController.swift */ = {isa = PBXFileReference; lastKnownFileType = sourcecode.swift; path = ViewController.swift; sourceTree = "<group>"; };
		C1ECF82D1AA1F1DA00E127D9 /* Base */ = {isa = PBXFileReference; lastKnownFileType = file.storyboard; name = Base; path = Base.lproj/Main.storyboard; sourceTree = "<group>"; };
		C1ECF82F1AA1F1DA00E127D9 /* Images.xcassets */ = {isa = PBXFileReference; lastKnownFileType = folder.assetcatalog; path = Images.xcassets; sourceTree = "<group>"; };
		C1ECF8321AA1F1DA00E127D9 /* Base */ = {isa = PBXFileReference; lastKnownFileType = file.xib; name = Base; path = Base.lproj/LaunchScreen.xib; sourceTree = "<group>"; };
		C1ECF8381AA1F1DB00E127D9 /* Test2Tests.xctest */ = {isa = PBXFileReference; explicitFileType = wrapper.cfbundle; includeInIndex = 0; path = Test2Tests.xctest; sourceTree = BUILT_PRODUCTS_DIR; };
		C1ECF83D1AA1F1DB00E127D9 /* Info.plist */ = {isa = PBXFileReference; lastKnownFileType = text.plist.xml; path = Info.plist; sourceTree = "<group>"; };
		C1ECF83E1AA1F1DB00E127D9 /* Test2Tests.swift */ = {isa = PBXFileReference; lastKnownFileType = sourcecode.swift; path = Test2Tests.swift; sourceTree = "<group>"; };
/* End PBXFileReference section */

/* Begin PBXFrameworksBuildPhase section */
		C1ECF8201AA1F1DA00E127D9 /* Frameworks */ = {
			isa = PBXFrameworksBuildPhase;
			buildActionMask = 2147483647;
			files = (
				2282ACAE1AA3054E002450CB /* CoreLocation.framework in Frameworks */,
			);
			runOnlyForDeploymentPostprocessing = 0;
		};
		C1ECF8351AA1F1DB00E127D9 /* Frameworks */ = {
			isa = PBXFrameworksBuildPhase;
			buildActionMask = 2147483647;
			files = (
			);
			runOnlyForDeploymentPostprocessing = 0;
		};
/* End PBXFrameworksBuildPhase section */

/* Begin PBXGroup section */
		2282ACB61AA32D21002450CB /* Products */ = {
			isa = PBXGroup;
			children = (
				2282ACBD1AA32D21002450CB /* SwiftHTTP.framework */,
				2282ACBF1AA32D21002450CB /* SwiftHTTPTests.xctest */,
				2282ACC11AA32D21002450CB /* SwiftHTTP.framework */,
				2282ACC31AA32D21002450CB /* SwiftHTTPOSXTests.xctest */,
			);
			name = Products;
			sourceTree = "<group>";
		};
		C1ECF81A1AA1F1DA00E127D9 = {
			isa = PBXGroup;
			children = (
				2282ACB51AA32D21002450CB /* SwiftHTTP.xcodeproj */,
				2282ACAD1AA3054E002450CB /* CoreLocation.framework */,
				C1ECF8251AA1F1DA00E127D9 /* Test2 */,
				C1ECF83B1AA1F1DB00E127D9 /* Test2Tests */,
				C1ECF8241AA1F1DA00E127D9 /* Products */,
			);
			sourceTree = "<group>";
		};
		C1ECF8241AA1F1DA00E127D9 /* Products */ = {
			isa = PBXGroup;
			children = (
				C1ECF8231AA1F1DA00E127D9 /* Test2.app */,
				C1ECF8381AA1F1DB00E127D9 /* Test2Tests.xctest */,
			);
			name = Products;
			sourceTree = "<group>";
		};
		C1ECF8251AA1F1DA00E127D9 /* Test2 */ = {
			isa = PBXGroup;
			children = (
				221578D61AA2142500B748A6 /* RestaurantPickerViewControllerTableViewController.swift */,
				C1ECF8281AA1F1DA00E127D9 /* AppDelegate.swift */,
				C1ECF82A1AA1F1DA00E127D9 /* ViewController.swift */,
				C1ECF82C1AA1F1DA00E127D9 /* Main.storyboard */,
				2282AC501AA28FBD002450CB /* FinalViewController.swift */,
				C1ECF82F1AA1F1DA00E127D9 /* Images.xcassets */,
				C1ECF8311AA1F1DA00E127D9 /* LaunchScreen.xib */,
				C1ECF8261AA1F1DA00E127D9 /* Supporting Files */,
			);
			path = Test2;
			sourceTree = "<group>";
		};
		C1ECF8261AA1F1DA00E127D9 /* Supporting Files */ = {
			isa = PBXGroup;
			children = (
				C1ECF8271AA1F1DA00E127D9 /* Info.plist */,
			);
			name = "Supporting Files";
			sourceTree = "<group>";
		};
		C1ECF83B1AA1F1DB00E127D9 /* Test2Tests */ = {
			isa = PBXGroup;
			children = (
				C1ECF83E1AA1F1DB00E127D9 /* Test2Tests.swift */,
				C1ECF83C1AA1F1DB00E127D9 /* Supporting Files */,
			);
			path = Test2Tests;
			sourceTree = "<group>";
		};
		C1ECF83C1AA1F1DB00E127D9 /* Supporting Files */ = {
			isa = PBXGroup;
			children = (
				C1ECF83D1AA1F1DB00E127D9 /* Info.plist */,
			);
			name = "Supporting Files";
			sourceTree = "<group>";
		};
/* End PBXGroup section */

/* Begin PBXNativeTarget section */
		C1ECF8221AA1F1DA00E127D9 /* Test2 */ = {
			isa = PBXNativeTarget;
			buildConfigurationList = C1ECF8421AA1F1DB00E127D9 /* Build configuration list for PBXNativeTarget "Test2" */;
			buildPhases = (
				C1ECF81F1AA1F1DA00E127D9 /* Sources */,
				C1ECF8201AA1F1DA00E127D9 /* Frameworks */,
				C1ECF8211AA1F1DA00E127D9 /* Resources */,
				2282AC4C1AA2809B002450CB /* Copy Files */,
			);
			buildRules = (
			);
			dependencies = (
			);
			name = Test2;
			productName = Test2;
			productReference = C1ECF8231AA1F1DA00E127D9 /* Test2.app */;
			productType = "com.apple.product-type.application";
		};
		C1ECF8371AA1F1DB00E127D9 /* Test2Tests */ = {
			isa = PBXNativeTarget;
			buildConfigurationList = C1ECF8451AA1F1DB00E127D9 /* Build configuration list for PBXNativeTarget "Test2Tests" */;
			buildPhases = (
				C1ECF8341AA1F1DB00E127D9 /* Sources */,
				C1ECF8351AA1F1DB00E127D9 /* Frameworks */,
				C1ECF8361AA1F1DB00E127D9 /* Resources */,
			);
			buildRules = (
			);
			dependencies = (
				C1ECF83A1AA1F1DB00E127D9 /* PBXTargetDependency */,
			);
			name = Test2Tests;
			productName = Test2Tests;
			productReference = C1ECF8381AA1F1DB00E127D9 /* Test2Tests.xctest */;
			productType = "com.apple.product-type.bundle.unit-test";
		};
/* End PBXNativeTarget section */

/* Begin PBXProject section */
		C1ECF81B1AA1F1DA00E127D9 /* Project object */ = {
			isa = PBXProject;
			attributes = {
				LastUpgradeCheck = 0610;
				ORGANIZATIONNAME = edwinwu;
				TargetAttributes = {
					C1ECF8221AA1F1DA00E127D9 = {
						CreatedOnToolsVersion = 6.1.1;
					};
					C1ECF8371AA1F1DB00E127D9 = {
						CreatedOnToolsVersion = 6.1.1;
						TestTargetID = C1ECF8221AA1F1DA00E127D9;
					};
				};
			};
			buildConfigurationList = C1ECF81E1AA1F1DA00E127D9 /* Build configuration list for PBXProject "Test2" */;
			compatibilityVersion = "Xcode 3.2";
			developmentRegion = English;
			hasScannedForEncodings = 0;
			knownRegions = (
				en,
				Base,
			);
			mainGroup = C1ECF81A1AA1F1DA00E127D9;
			productRefGroup = C1ECF8241AA1F1DA00E127D9 /* Products */;
			projectDirPath = "";
			projectReferences = (
				{
					ProductGroup = 2282ACB61AA32D21002450CB /* Products */;
					ProjectRef = 2282ACB51AA32D21002450CB /* SwiftHTTP.xcodeproj */;
				},
			);
			projectRoot = "";
			targets = (
				C1ECF8221AA1F1DA00E127D9 /* Test2 */,
				C1ECF8371AA1F1DB00E127D9 /* Test2Tests */,
			);
		};
/* End PBXProject section */

/* Begin PBXReferenceProxy section */
		2282ACBD1AA32D21002450CB /* SwiftHTTP.framework */ = {
			isa = PBXReferenceProxy;
			fileType = wrapper.framework;
			path = SwiftHTTP.framework;
			remoteRef = 2282ACBC1AA32D21002450CB /* PBXContainerItemProxy */;
			sourceTree = BUILT_PRODUCTS_DIR;
		};
		2282ACBF1AA32D21002450CB /* SwiftHTTPTests.xctest */ = {
			isa = PBXReferenceProxy;
			fileType = wrapper.cfbundle;
			path = SwiftHTTPTests.xctest;
			remoteRef = 2282ACBE1AA32D21002450CB /* PBXContainerItemProxy */;
			sourceTree = BUILT_PRODUCTS_DIR;
		};
		2282ACC11AA32D21002450CB /* SwiftHTTP.framework */ = {
			isa = PBXReferenceProxy;
			fileType = wrapper.framework;
			path = SwiftHTTP.framework;
			remoteRef = 2282ACC01AA32D21002450CB /* PBXContainerItemProxy */;
			sourceTree = BUILT_PRODUCTS_DIR;
		};
		2282ACC31AA32D21002450CB /* SwiftHTTPOSXTests.xctest */ = {
			isa = PBXReferenceProxy;
			fileType = wrapper.cfbundle;
			path = SwiftHTTPOSXTests.xctest;
			remoteRef = 2282ACC21AA32D21002450CB /* PBXContainerItemProxy */;
			sourceTree = BUILT_PRODUCTS_DIR;
		};
/* End PBXReferenceProxy section */

/* Begin PBXResourcesBuildPhase section */
		C1ECF8211AA1F1DA00E127D9 /* Resources */ = {
			isa = PBXResourcesBuildPhase;
			buildActionMask = 2147483647;
			files = (
				C1ECF82E1AA1F1DA00E127D9 /* Main.storyboard in Resources */,
				C1ECF8331AA1F1DA00E127D9 /* LaunchScreen.xib in Resources */,
				C1ECF8301AA1F1DA00E127D9 /* Images.xcassets in Resources */,
			);
			runOnlyForDeploymentPostprocessing = 0;
		};
		C1ECF8361AA1F1DB00E127D9 /* Resources */ = {
			isa = PBXResourcesBuildPhase;
			buildActionMask = 2147483647;
			files = (
			);
			runOnlyForDeploymentPostprocessing = 0;
		};
/* End PBXResourcesBuildPhase section */

/* Begin PBXSourcesBuildPhase section */
		C1ECF81F1AA1F1DA00E127D9 /* Sources */ = {
			isa = PBXSourcesBuildPhase;
			buildActionMask = 2147483647;
			files = (
				C1ECF82B1AA1F1DA00E127D9 /* ViewController.swift in Sources */,
				2282AC511AA28FBD002450CB /* FinalViewController.swift in Sources */,
				C1ECF8291AA1F1DA00E127D9 /* AppDelegate.swift in Sources */,
				221578D71AA2142500B748A6 /* RestaurantPickerViewControllerTableViewController.swift in Sources */,
			);
			runOnlyForDeploymentPostprocessing = 0;
		};
		C1ECF8341AA1F1DB00E127D9 /* Sources */ = {
			isa = PBXSourcesBuildPhase;
			buildActionMask = 2147483647;
			files = (
				C1ECF83F1AA1F1DB00E127D9 /* Test2Tests.swift in Sources */,
			);
			runOnlyForDeploymentPostprocessing = 0;
		};
/* End PBXSourcesBuildPhase section */

/* Begin PBXTargetDependency section */
		C1ECF83A1AA1F1DB00E127D9 /* PBXTargetDependency */ = {
			isa = PBXTargetDependency;
			target = C1ECF8221AA1F1DA00E127D9 /* Test2 */;
			targetProxy = C1ECF8391AA1F1DB00E127D9 /* PBXContainerItemProxy */;
		};
/* End PBXTargetDependency section */

/* Begin PBXVariantGroup section */
		C1ECF82C1AA1F1DA00E127D9 /* Main.storyboard */ = {
			isa = PBXVariantGroup;
			children = (
				C1ECF82D1AA1F1DA00E127D9 /* Base */,
			);
			name = Main.storyboard;
			sourceTree = "<group>";
		};
		C1ECF8311AA1F1DA00E127D9 /* LaunchScreen.xib */ = {
			isa = PBXVariantGroup;
			children = (
				C1ECF8321AA1F1DA00E127D9 /* Base */,
			);
			name = LaunchScreen.xib;
			sourceTree = "<group>";
		};
/* End PBXVariantGroup section */

/* Begin XCBuildConfiguration section */
		C1ECF8401AA1F1DB00E127D9 /* Debug */ = {
			isa = XCBuildConfiguration;
			buildSettings = {
				ALWAYS_SEARCH_USER_PATHS = NO;
				CLANG_CXX_LANGUAGE_STANDARD = "gnu++0x";
				CLANG_CXX_LIBRARY = "libc++";
				CLANG_ENABLE_MODULES = YES;
				CLANG_ENABLE_OBJC_ARC = YES;
				CLANG_WARN_BOOL_CONVERSION = YES;
				CLANG_WARN_CONSTANT_CONVERSION = YES;
				CLANG_WARN_DIRECT_OBJC_ISA_USAGE = YES_ERROR;
				CLANG_WARN_EMPTY_BODY = YES;
				CLANG_WARN_ENUM_CONVERSION = YES;
				CLANG_WARN_INT_CONVERSION = YES;
				CLANG_WARN_OBJC_ROOT_CLASS = YES_ERROR;
				CLANG_WARN_UNREACHABLE_CODE = YES;
				CLANG_WARN__DUPLICATE_METHOD_MATCH = YES;
				"CODE_SIGN_IDENTITY[sdk=iphoneos*]" = "iPhone Developer";
				COPY_PHASE_STRIP = NO;
				ENABLE_STRICT_OBJC_MSGSEND = YES;
				GCC_C_LANGUAGE_STANDARD = gnu99;
				GCC_DYNAMIC_NO_PIC = NO;
				GCC_OPTIMIZATION_LEVEL = 0;
				GCC_PREPROCESSOR_DEFINITIONS = (
					"DEBUG=1",
					"$(inherited)",
				);
				GCC_SYMBOLS_PRIVATE_EXTERN = NO;
				GCC_WARN_64_TO_32_BIT_CONVERSION = YES;
				GCC_WARN_ABOUT_RETURN_TYPE = YES_ERROR;
				GCC_WARN_UNDECLARED_SELECTOR = YES;
				GCC_WARN_UNINITIALIZED_AUTOS = YES_AGGRESSIVE;
				GCC_WARN_UNUSED_FUNCTION = YES;
				GCC_WARN_UNUSED_VARIABLE = YES;
				IPHONEOS_DEPLOYMENT_TARGET = 8.1;
				MTL_ENABLE_DEBUG_INFO = YES;
				ONLY_ACTIVE_ARCH = YES;
				SDKROOT = iphoneos;
				SWIFT_OPTIMIZATION_LEVEL = "-Onone";
				TARGETED_DEVICE_FAMILY = "1,2";
			};
			name = Debug;
		};
		C1ECF8411AA1F1DB00E127D9 /* Release */ = {
			isa = XCBuildConfiguration;
			buildSettings = {
				ALWAYS_SEARCH_USER_PATHS = NO;
				CLANG_CXX_LANGUAGE_STANDARD = "gnu++0x";
				CLANG_CXX_LIBRARY = "libc++";
				CLANG_ENABLE_MODULES = YES;
				CLANG_ENABLE_OBJC_ARC = YES;
				CLANG_WARN_BOOL_CONVERSION = YES;
				CLANG_WARN_CONSTANT_CONVERSION = YES;
				CLANG_WARN_DIRECT_OBJC_ISA_USAGE = YES_ERROR;
				CLANG_WARN_EMPTY_BODY = YES;
				CLANG_WARN_ENUM_CONVERSION = YES;
				CLANG_WARN_INT_CONVERSION = YES;
				CLANG_WARN_OBJC_ROOT_CLASS = YES_ERROR;
				CLANG_WARN_UNREACHABLE_CODE = YES;
				CLANG_WARN__DUPLICATE_METHOD_MATCH = YES;
				"CODE_SIGN_IDENTITY[sdk=iphoneos*]" = "iPhone Developer";
				COPY_PHASE_STRIP = YES;
				ENABLE_NS_ASSERTIONS = NO;
				ENABLE_STRICT_OBJC_MSGSEND = YES;
				GCC_C_LANGUAGE_STANDARD = gnu99;
				GCC_WARN_64_TO_32_BIT_CONVERSION = YES;
				GCC_WARN_ABOUT_RETURN_TYPE = YES_ERROR;
				GCC_WARN_UNDECLARED_SELECTOR = YES;
				GCC_WARN_UNINITIALIZED_AUTOS = YES_AGGRESSIVE;
				GCC_WARN_UNUSED_FUNCTION = YES;
				GCC_WARN_UNUSED_VARIABLE = YES;
				IPHONEOS_DEPLOYMENT_TARGET = 8.1;
				MTL_ENABLE_DEBUG_INFO = NO;
				SDKROOT = iphoneos;
				TARGETED_DEVICE_FAMILY = "1,2";
				VALIDATE_PRODUCT = YES;
			};
			name = Release;
		};
		C1ECF8431AA1F1DB00E127D9 /* Debug */ = {
			isa = XCBuildConfiguration;
			buildSettings = {
				ASSETCATALOG_COMPILER_APPICON_NAME = AppIcon;
				INFOPLIST_FILE = Test2/Info.plist;
				LD_RUNPATH_SEARCH_PATHS = "$(inherited) @executable_path/Frameworks";
				PRODUCT_NAME = "$(TARGET_NAME)";
			};
			name = Debug;
		};
		C1ECF8441AA1F1DB00E127D9 /* Release */ = {
			isa = XCBuildConfiguration;
			buildSettings = {
				ASSETCATALOG_COMPILER_APPICON_NAME = AppIcon;
				INFOPLIST_FILE = Test2/Info.plist;
				LD_RUNPATH_SEARCH_PATHS = "$(inherited) @executable_path/Frameworks";
				PRODUCT_NAME = "$(TARGET_NAME)";
			};
			name = Release;
		};
		C1ECF8461AA1F1DB00E127D9 /* Debug */ = {
			isa = XCBuildConfiguration;
			buildSettings = {
				BUNDLE_LOADER = "$(TEST_HOST)";
				FRAMEWORK_SEARCH_PATHS = (
					"$(SDKROOT)/Developer/Library/Frameworks",
					"$(inherited)",
				);
				GCC_PREPROCESSOR_DEFINITIONS = (
					"DEBUG=1",
					"$(inherited)",
				);
				INFOPLIST_FILE = Test2Tests/Info.plist;
				LD_RUNPATH_SEARCH_PATHS = "$(inherited) @executable_path/Frameworks @loader_path/Frameworks";
				PRODUCT_NAME = "$(TARGET_NAME)";
				TEST_HOST = "$(BUILT_PRODUCTS_DIR)/Test2.app/Test2";
			};
			name = Debug;
		};
		C1ECF8471AA1F1DB00E127D9 /* Release */ = {
			isa = XCBuildConfiguration;
			buildSettings = {
				BUNDLE_LOADER = "$(TEST_HOST)";
				FRAMEWORK_SEARCH_PATHS = (
					"$(SDKROOT)/Developer/Library/Frameworks",
					"$(inherited)",
				);
				INFOPLIST_FILE = Test2Tests/Info.plist;
				LD_RUNPATH_SEARCH_PATHS = "$(inherited) @executable_path/Frameworks @loader_path/Frameworks";
				PRODUCT_NAME = "$(TARGET_NAME)";
				TEST_HOST = "$(BUILT_PRODUCTS_DIR)/Test2.app/Test2";
			};
			name = Release;
		};
/* End XCBuildConfiguration section */

/* Begin XCConfigurationList section */
		C1ECF81E1AA1F1DA00E127D9 /* Build configuration list for PBXProject "Test2" */ = {
			isa = XCConfigurationList;
			buildConfigurations = (
				C1ECF8401AA1F1DB00E127D9 /* Debug */,
				C1ECF8411AA1F1DB00E127D9 /* Release */,
			);
			defaultConfigurationIsVisible = 0;
			defaultConfigurationName = Release;
		};
		C1ECF8421AA1F1DB00E127D9 /* Build configuration list for PBXNativeTarget "Test2" */ = {
			isa = XCConfigurationList;
			buildConfigurations = (
				C1ECF8431AA1F1DB00E127D9 /* Debug */,
				C1ECF8441AA1F1DB00E127D9 /* Release */,
			);
			defaultConfigurationIsVisible = 0;
			defaultConfigurationName = Release;
		};
		C1ECF8451AA1F1DB00E127D9 /* Build configuration list for PBXNativeTarget "Test2Tests" */ = {
			isa = XCConfigurationList;
			buildConfigurations = (
				C1ECF8461AA1F1DB00E127D9 /* Debug */,
				C1ECF8471AA1F1DB00E127D9 /* Release */,
			);
			defaultConfigurationIsVisible = 0;
			defaultConfigurationName = Release;
		};
/* End XCConfigurationList section */
	};
	rootObject = C1ECF81B1AA1F1DA00E127D9 /* Project object */;
}
